
Microsoft Visual Studio Solution File, Format Version 12.00
# Visual Studio Version 16
VisualStudioVersion = 16.0.30907.101
MinimumVisualStudioVersion = 10.0.40219.1
Project("{FAE04EC0-301F-11D3-BF4B-00C04F79EFBC}") = "LoginPage.Android", "LoginPage\LoginPage.Android\LoginPage.Android.csproj", "{92F61E2D-F228-4BAA-B27C-1408B2AAD2AA}"
EndProject
Project("{FAE04EC0-301F-11D3-BF4B-00C04F79EFBC}") = "LoginPage.iOS", "LoginPage\LoginPage.iOS\LoginPage.iOS.csproj", "{80A07E2C-42E1-4C36-BEC8-D4F43F4A5390}"
EndProject
Project("{FAE04EC0-301F-11D3-BF4B-00C04F79EFBC}") = "LoginPage", "LoginPage\LoginPage\LoginPage.csproj", "{EFAECC66-5F10-4508-9B81-3F028BC71248}"
EndProject
Global
	GlobalSection(SolutionConfigurationPlatforms) = preSolution
		Debug|Any CPU = Debug|Any CPU
		Debug|iPhone = Debug|iPhone
		Debug|iPhoneSimulator = Debug|iPhoneSimulator
		Release|Any CPU = Release|Any CPU
		Release|iPhone = Release|iPhone
		Release|iPhoneSimulator = Release|iPhoneSimulator
	EndGlobalSection
	GlobalSection(ProjectConfigurationPlatforms) = postSolution
		{92F61E2D-F228-4BAA-B27C-1408B2AAD2AA}.Debug|Any CPU.ActiveCfg = Debug|Any CPU
		{92F61E2D-F228-4BAA-B27C-1408B2AAD2AA}.Debug|Any CPU.Build.0 = Debug|Any CPU
		{92F61E2D-F228-4BAA-B27C-1408B2AAD2AA}.Debug|Any CPU.Deploy.0 = Debug|Any CPU
		{92F61E2D-F228-4BAA-B27C-1408B2AAD2AA}.Debug|iPhone.ActiveCfg = Debug|Any CPU
		{92F61E2D-F228-4BAA-B27C-1408B2AAD2AA}.Debug|iPhone.Build.0 = Debug|Any CPU
		{92F61E2D-F228-4BAA-B27C-1408B2AAD2AA}.Debug|iPhone.Deploy.0 = Debug|Any CPU
		{92F61E2D-F228-4BAA-B27C-1408B2AAD2AA}.Debug|iPhoneSimulator.ActiveCfg = Debug|Any CPU
		{92F61E2D-F228-4BAA-B27C-1408B2AAD2AA}.Debug|iPhoneSimulator.Build.0 = Debug|Any CPU
		{92F61E2D-F228-4BAA-B27C-1408B2AAD2AA}.Debug|iPhoneSimulator.Deploy.0 = Debug|Any CPU
		{92F61E2D-F228-4BAA-B27C-1408B2AAD2AA}.Release|Any CPU.ActiveCfg = Release|Any CPU
		{92F61E2D-F228-4BAA-B27C-1408B2AAD2AA}.Release|Any CPU.Build.0 = Release|Any CPU
		{92F61E2D-F228-4BAA-B27C-1408B2AAD2AA}.Release|Any CPU.Deploy.0 = Release|Any CPU
		{92F61E2D-F228-4BAA-B27C-1408B2AAD2AA}.Release|iPhone.ActiveCfg = Release|Any CPU
		{92F61E2D-F228-4BAA-B27C-1408B2AAD2AA}.Release|iPhone.Build.0 = Release|Any CPU
		{92F61E2D-F228-4BAA-B27C-1408B2AAD2AA}.Release|iPhone.Deploy.0 = Release|Any CPU
		{92F61E2D-F228-4BAA-B27C-1408B2AAD2AA}.Release|iPhoneSimulator.ActiveCfg = Release|Any CPU
		{92F61E2D-F228-4BAA-B27C-1408B2AAD2AA}.Release|iPhoneSimulator.Build.0 = Release|Any CPU
		{92F61E2D-F228-4BAA-B27C-1408B2AAD2AA}.Release|iPhoneSimulator.Deploy.0 = Release|Any CPU
		{80A07E2C-42E1-4C36-BEC8-D4F43F4A5390}.Debug|Any CPU.ActiveCfg = Debug|iPhone
		{80A07E2C-42E1-4C36-BEC8-D4F43F4A5390}.Debug|Any CPU.Build.0 = Debug|iPhone
		{80A07E2C-42E1-4C36-BEC8-D4F43F4A5390}.Debug|Any CPU.Deploy.0 = Debug|iPhone
		{80A07E2C-42E1-4C36-BEC8-D4F43F4A5390}.Debug|iPhone.ActiveCfg = Debug|iPhone
		{80A07E2C-42E1-4C36-BEC8-D4F43F4A5390}.Debug|iPhone.Build.0 = Debug|iPhone
		{80A07E2C-42E1-4C36-BEC8-D4F43F4A5390}.Debug|iPhone.Deploy.0 = Debug|iPhone
		{80A07E2C-42E1-4C36-BEC8-D4F43F4A5390}.Debug|iPhoneSimulator.ActiveCfg = Debug|iPhoneSimulator
		{80A07E2C-42E1-4C36-BEC8-D4F43F4A5390}.Debug|iPhoneSimulator.Build.0 = Debug|iPhoneSimulator
		{80A07E2C-42E1-4C36-BEC8-D4F43F4A5390}.Debug|iPhoneSimulator.Deploy.0 = Debug|iPhoneSimulator
		{80A07E2C-42E1-4C36-BEC8-D4F43F4A5390}.Release|Any CPU.ActiveCfg = Release|iPhoneSimulator
		{80A07E2C-42E1-4C36-BEC8-D4F43F4A5390}.Release|Any CPU.Build.0 = Release|iPhoneSimulator
		{80A07E2C-42E1-4C36-BEC8-D4F43F4A5390}.Release|Any CPU.Deploy.0 = Release|iPhoneSimulator
		{80A07E2C-42E1-4C36-BEC8-D4F43F4A5390}.Release|iPhone.ActiveCfg = Release|iPhone
		{80A07E2C-42E1-4C36-BEC8-D4F43F4A5390}.Release|iPhone.Build.0 = Release|iPhone
		{80A07E2C-42E1-4C36-BEC8-D4F43F4A5390}.Release|iPhone.Deploy.0 = Release|iPhone
		{80A07E2C-42E1-4C36-BEC8-D4F43F4A5390}.Release|iPhoneSimulator.ActiveCfg = Release|iPhoneSimulator
		{80A07E2C-42E1-4C36-BEC8-D4F43F4A5390}.Release|iPhoneSimulator.Build.0 = Release|iPhoneSimulator
		{80A07E2C-42E1-4C36-BEC8-D4F43F4A5390}.Release|iPhoneSimulator.Deploy.0 = Release|iPhoneSimulator
		{EFAECC66-5F10-4508-9B81-3F028BC71248}.Debug|Any CPU.ActiveCfg = Debug|Any CPU
		{EFAECC66-5F10-4508-9B81-3F028BC71248}.Debug|Any CPU.Build.0 = Debug|Any CPU
		{EFAECC66-5F10-4508-9B81-3F028BC71248}.Debug|Any CPU.Deploy.0 = Debug|Any CPU
		{EFAECC66-5F10-4508-9B81-3F028BC71248}.Debug|iPhone.ActiveCfg = Debug|Any CPU
		{EFAECC66-5F10-4508-9B81-3F028BC71248}.Debug|iPhone.Build.0 = Debug|Any CPU
		{EFAECC66-5F10-4508-9B81-3F028BC71248}.Debug|iPhone.Deploy.0 = Debug|Any CPU
		{EFAECC66-5F10-4508-9B81-3F028BC71248}.Debug|iPhoneSimulator.ActiveCfg = Debug|Any CPU
		{EFAECC66-5F10-4508-9B81-3F028BC71248}.Debug|iPhoneSimulator.Build.0 = Debug|Any CPU
		{EFAECC66-5F10-4508-9B81-3F028BC71248}.Debug|iPhoneSimulator.Deploy.0 = Debug|Any CPU
		{EFAECC66-5F10-4508-9B81-3F028BC71248}.Release|Any CPU.ActiveCfg = Release|Any CPU
		{EFAECC66-5F10-4508-9B81-3F028BC71248}.Release|Any CPU.Build.0 = Release|Any CPU
		{EFAECC66-5F10-4508-9B81-3F028BC71248}.Release|Any CPU.Deploy.0 = Release|Any CPU
		{EFAECC66-5F10-4508-9B81-3F028BC71248}.Release|iPhone.ActiveCfg = Release|Any CPU
		{EFAECC66-5F10-4508-9B81-3F028BC71248}.Release|iPhone.Build.0 = Release|Any CPU
		{EFAECC66-5F10-4508-9B81-3F028BC71248}.Release|iPhone.Deploy.0 = Release|Any CPU
		{EFAECC66-5F10-4508-9B81-3F028BC71248}.Release|iPhoneSimulator.ActiveCfg = Release|Any CPU
		{EFAECC66-5F10-4508-9B81-3F028BC71248}.Release|iPhoneSimulator.Build.0 = Release|Any CPU
		{EFAECC66-5F10-4508-9B81-3F028BC71248}.Release|iPhoneSimulator.Deploy.0 = Release|Any CPU
	EndGlobalSection
	GlobalSection(SolutionProperties) = preSolution
		HideSolutionNode = FALSE
	EndGlobalSection
	GlobalSection(ExtensibilityGlobals) = postSolution
		SolutionGuid = {711707C4-AED5-4891-90D4-C6D99D7F8522}
	EndGlobalSection
EndGlobal
